<?xml version="1.0" encoding="utf-8"?>
<Project ToolsVersion="4.0" xmlns="http://schemas.microsoft.com/developer/msbuild/2003">
  <ItemGroup>
    <Filter Include="Ressourcendateien">
      <UniqueIdentifier>{67DA6AB6-F800-4c08-8B7A-83BB121AAD01}</UniqueIdentifier>
      <Extensions>rc;ico;cur;bmp;dlg;rc2;rct;bin;rgs;gif;jpg;jpeg;jpe;resx;tiff;tif;png;wav;mfcribbon-ms</Extensions>
    </Filter>
    <Filter Include="header files">
      <UniqueIdentifier>{93995380-89BD-4b04-88EB-625FBE52EBFB}</UniqueIdentifier>
      <Extensions>h;hh;hpp;hxx;hm;inl;inc;xsd</Extensions>
    </Filter>
    <Filter Include="source files">
      <UniqueIdentifier>{4FC737F1-C7A5-4376-A066-2A32D752A2FF}</UniqueIdentifier>
      <Extensions>cpp;c;cc;cxx;def;odl;idl;hpj;bat;asm;asmx</Extensions>
    </Filter>
    <Filter Include="UI">
      <UniqueIdentifier>{a8fc5737-4821-481a-a62d-44a28baa5c67}</UniqueIdentifier>
    </Filter>
    <Filter Include="UI\Commands">
      <UniqueIdentifier>{d71a8b62-10a5-4ed4-98dc-f431b01ebe52}</UniqueIdentifier>
    </Filter>
    <Filter Include="Ressourcendateien\Commands">
      <UniqueIdentifier>{2d4a4916-e6d4-43d8-aab5-bdfe56f29562}</UniqueIdentifier>
    </Filter>
  </ItemGroup>
  <ItemGroup>
    <ClCompile Include="Program.cpp">
      <Filter>source files</Filter>
    </ClCompile>
    <ClCompile Include="cli_command_goto_main.cpp">
      <Filter>Ressourcendateien\Commands</Filter>
    </ClCompile>
    <ClCompile Include="cli_command_print_commands.cpp">
      <Filter>Ressourcendateien\Commands</Filter>
    </ClCompile>
  </ItemGroup>
  <ItemGroup>
    <ClInclude Include="mvc_controller.h">
      <Filter>header files</Filter>
    </ClInclude>
    <ClInclude Include="mvc_cli_view.h">
      <Filter>UI</Filter>
    </ClInclude>
    <ClInclude Include="cli_state.h">
      <Filter>UI</Filter>
    </ClInclude>
    <ClInclude Include="cli_command_interface.h">
      <Filter>UI</Filter>
    </ClInclude>
    <ClInclude Include="cli_command_goto_main.h">
      <Filter>UI\Commands</Filter>
    </ClInclude>
    <ClInclude Include="cli_command_print_commands.h">
      <Filter>UI\Commands</Filter>
    </ClInclude>
  </ItemGroup>
</Project>